
Microsoft Visual Studio Solution File, Format Version 12.00
# Visual Studio 15
VisualStudioVersion = 15.0.27428.2002
MinimumVisualStudioVersion = 10.0.40219.1
Project("{FAE04EC0-301F-11D3-BF4B-00C04F79EFBC}") = "ProyectoFinal", "ProyectoFinal\ProyectoFinal.csproj", "{BC304A78-0F29-4296-A5C4-012A12661275}"
EndProject
Global
	GlobalSection(SolutionConfigurationPlatforms) = preSolution
		Debug|Any CPU = Debug|Any CPU
		Release|Any CPU = Release|Any CPU
	EndGlobalSection
	GlobalSection(ProjectConfigurationPlatforms) = postSolution
		{BC304A78-0F29-4296-A5C4-012A12661275}.Debug|Any CPU.ActiveCfg = Debug|Any CPU
		{BC304A78-0F29-4296-A5C4-012A12661275}.Debug|Any CPU.Build.0 = Debug|Any CPU
		{BC304A78-0F29-4296-A5C4-012A12661275}.Release|Any CPU.ActiveCfg = Release|Any CPU
		{BC304A78-0F29-4296-A5C4-012A12661275}.Release|Any CPU.Build.0 = Release|Any CPU
	EndGlobalSection
	GlobalSection(SolutionProperties) = preSolution
		HideSolutionNode = FALSE
	EndGlobalSection
	GlobalSection(ExtensibilityGlobals) = postSolution
		SolutionGuid = {09133B04-4790-4A1F-A783-9DD61D74D8AD}
	EndGlobalSection
EndGlobal
